
Microsoft Visual Studio Solution File, Format Version 12.00
# Visual Studio Version 17
VisualStudioVersion = 17.4.33103.184
MinimumVisualStudioVersion = 10.0.40219.1
Project("{FAE04EC0-301F-11D3-BF4B-00C04F79EFBC}") = "SeraOtomasyonu_Yeni", "SeraOtomasyonu_Yeni\SeraOtomasyonu_Yeni.csproj", "{28DFCAC3-2CB1-4D13-94C0-0B36C6605CCD}"
EndProject
Global
	GlobalSection(SolutionConfigurationPlatforms) = preSolution
		Debug|Any CPU = Debug|Any CPU
		Release|Any CPU = Release|Any CPU
	EndGlobalSection
	GlobalSection(ProjectConfigurationPlatforms) = postSolution
		{28DFCAC3-2CB1-4D13-94C0-0B36C6605CCD}.Debug|Any CPU.ActiveCfg = Debug|Any CPU
		{28DFCAC3-2CB1-4D13-94C0-0B36C6605CCD}.Debug|Any CPU.Build.0 = Debug|Any CPU
		{28DFCAC3-2CB1-4D13-94C0-0B36C6605CCD}.Release|Any CPU.ActiveCfg = Release|Any CPU
		{28DFCAC3-2CB1-4D13-94C0-0B36C6605CCD}.Release|Any CPU.Build.0 = Release|Any CPU
	EndGlobalSection
	GlobalSection(SolutionProperties) = preSolution
		HideSolutionNode = FALSE
	EndGlobalSection
	GlobalSection(ExtensibilityGlobals) = postSolution
		SolutionGuid = {D2ACDFBA-442B-4F8A-886F-7172B29F4452}
	EndGlobalSection
EndGlobal
